// !$*UTF8*$!
{
	archiveVersion = 1;
	classes = {
	};
	objectVersion = 50;
	objects = {

/* Begin PBXBuildFile section */
		90E3E8EB20BC35B100FBA3FE /* SpringViewController.swift in Sources */ = {isa = PBXBuildFile; fileRef = 90E3E8EA20BC35B100FBA3FE /* SpringViewController.swift */; };
		90E7F5F920B8F65400BE8DFF /* AppDelegate.swift in Sources */ = {isa = PBXBuildFile; fileRef = 90E7F5F820B8F65400BE8DFF /* AppDelegate.swift */; };
		90E7F5FB20B8F65400BE8DFF /* ViewController.swift in Sources */ = {isa = PBXBuildFile; fileRef = 90E7F5FA20B8F65400BE8DFF /* ViewController.swift */; };
		90E7F5FE20B8F65400BE8DFF /* Main.storyboard in Resources */ = {isa = PBXBuildFile; fileRef = 90E7F5FC20B8F65400BE8DFF /* Main.storyboard */; };
		90E7F60020B8F65500BE8DFF /* Assets.xcassets in Resources */ = {isa = PBXBuildFile; fileRef = 90E7F5FF20B8F65500BE8DFF /* Assets.xcassets */; };
		90E7F60320B8F65500BE8DFF /* LaunchScreen.storyboard in Resources */ = {isa = PBXBuildFile; fileRef = 90E7F60120B8F65500BE8DFF /* LaunchScreen.storyboard */; };
		90E7F60B20B8FAEE00BE8DFF /* PositionViewController.swift in Sources */ = {isa = PBXBuildFile; fileRef = 90E7F60A20B8FAEE00BE8DFF /* PositionViewController.swift */; };
		90E7F60D20B903BE00BE8DFF /* OpacityViewController.swift in Sources */ = {isa = PBXBuildFile; fileRef = 90E7F60C20B903BE00BE8DFF /* OpacityViewController.swift */; };
		90E7F60F20B9067E00BE8DFF /* ScaleViewController.swift in Sources */ = {isa = PBXBuildFile; fileRef = 90E7F60E20B9067E00BE8DFF /* ScaleViewController.swift */; };
		90E7F61120B90A2100BE8DFF /* ColorViewController.swift in Sources */ = {isa = PBXBuildFile; fileRef = 90E7F61020B90A2100BE8DFF /* ColorViewController.swift */; };
		90E7F61520B93C5F00BE8DFF /* RotationViewController.swift in Sources */ = {isa = PBXBuildFile; fileRef = 90E7F61420B93C5F00BE8DFF /* RotationViewController.swift */; };
		90E7F61F20B94D1000BE8DFF /* RepeatViewController.swift in Sources */ = {isa = PBXBuildFile; fileRef = 90E7F61E20B94D1000BE8DFF /* RepeatViewController.swift */; };
		90E7F62120B9584C00BE8DFF /* EasingViewController.swift in Sources */ = {isa = PBXBuildFile; fileRef = 90E7F62020B9584C00BE8DFF /* EasingViewController.swift */; };
/* End PBXBuildFile section */

/* Begin PBXFileReference section */
		90E3E8EA20BC35B100FBA3FE /* SpringViewController.swift */ = {isa = PBXFileReference; lastKnownFileType = sourcecode.swift; path = SpringViewController.swift; sourceTree = "<group>"; };
		90E7F5F520B8F65400BE8DFF /* animation.app */ = {isa = PBXFileReference; explicitFileType = wrapper.application; includeInIndex = 0; path = animation.app; sourceTree = BUILT_PRODUCTS_DIR; };
		90E7F5F820B8F65400BE8DFF /* AppDelegate.swift */ = {isa = PBXFileReference; lastKnownFileType = sourcecode.swift; path = AppDelegate.swift; sourceTree = "<group>"; };
		90E7F5FA20B8F65400BE8DFF /* ViewController.swift */ = {isa = PBXFileReference; lastKnownFileType = sourcecode.swift; path = ViewController.swift; sourceTree = "<group>"; };
		90E7F5FD20B8F65400BE8DFF /* Base */ = {isa = PBXFileReference; lastKnownFileType = file.storyboard; name = Base; path = Base.lproj/Main.storyboard; sourceTree = "<group>"; };
		90E7F5FF20B8F65500BE8DFF /* Assets.xcassets */ = {isa = PBXFileReference; lastKnownFileType = folder.assetcatalog; path = Assets.xcassets; sourceTree = "<group>"; };
		90E7F60220B8F65500BE8DFF /* Base */ = {isa = PBXFileReference; lastKnownFileType = file.storyboard; name = Base; path = Base.lproj/LaunchScreen.storyboard; sourceTree = "<group>"; };
		90E7F60420B8F65500BE8DFF /* Info.plist */ = {isa = PBXFileReference; lastKnownFileType = text.plist.xml; path = Info.plist; sourceTree = "<group>"; };
		90E7F60A20B8FAEE00BE8DFF /* PositionViewController.swift */ = {isa = PBXFileReference; lastKnownFileType = sourcecode.swift; path = PositionViewController.swift; sourceTree = "<group>"; };
		90E7F60C20B903BE00BE8DFF /* OpacityViewController.swift */ = {isa = PBXFileReference; lastKnownFileType = sourcecode.swift; path = OpacityViewController.swift; sourceTree = "<group>"; };
		90E7F60E20B9067E00BE8DFF /* ScaleViewController.swift */ = {isa = PBXFileReference; lastKnownFileType = sourcecode.swift; path = ScaleViewController.swift; sourceTree = "<group>"; };
		90E7F61020B90A2100BE8DFF /* ColorViewController.swift */ = {isa = PBXFileReference; lastKnownFileType = sourcecode.swift; path = ColorViewController.swift; sourceTree = "<group>"; };
		90E7F61420B93C5F00BE8DFF /* RotationViewController.swift */ = {isa = PBXFileReference; lastKnownFileType = sourcecode.swift; path = RotationViewController.swift; sourceTree = "<group>"; };
		90E7F61720B93DBE00BE8DFF /* images-1.png */ = {isa = PBXFileReference; lastKnownFileType = image.png; path = "images-1.png"; sourceTree = "<group>"; };
		90E7F61820B93DBE00BE8DFF /* images-2.png */ = {isa = PBXFileReference; lastKnownFileType = image.png; path = "images-2.png"; sourceTree = "<group>"; };
		90E7F61920B93DBE00BE8DFF /* images-3.png */ = {isa = PBXFileReference; lastKnownFileType = image.png; path = "images-3.png"; sourceTree = "<group>"; };
		90E7F61A20B93DBE00BE8DFF /* Contents.json */ = {isa = PBXFileReference; lastKnownFileType = text.json; path = Contents.json; sourceTree = "<group>"; };
		90E7F61E20B94D1000BE8DFF /* RepeatViewController.swift */ = {isa = PBXFileReference; lastKnownFileType = sourcecode.swift; path = RepeatViewController.swift; sourceTree = "<group>"; };
		90E7F62020B9584C00BE8DFF /* EasingViewController.swift */ = {isa = PBXFileReference; lastKnownFileType = sourcecode.swift; path = EasingViewController.swift; sourceTree = "<group>"; };
/* End PBXFileReference section */

/* Begin PBXFrameworksBuildPhase section */
		90E7F5F220B8F65400BE8DFF /* Frameworks */ = {
			isa = PBXFrameworksBuildPhase;
			buildActionMask = 2147483647;
			files = (
			);
			runOnlyForDeploymentPostprocessing = 0;
		};
/* End PBXFrameworksBuildPhase section */

/* Begin PBXGroup section */
		90E7F5EC20B8F65400BE8DFF = {
			isa = PBXGroup;
			children = (
				90E7F61620B93DBE00BE8DFF /* images.imageset */,
				90E7F5F720B8F65400BE8DFF /* animation */,
				90E7F5F620B8F65400BE8DFF /* Products */,
			);
			sourceTree = "<group>";
		};
		90E7F5F620B8F65400BE8DFF /* Products */ = {
			isa = PBXGroup;
			children = (
				90E7F5F520B8F65400BE8DFF /* animation.app */,
			);
			name = Products;
			sourceTree = "<group>";
		};
		90E7F5F720B8F65400BE8DFF /* animation */ = {
			isa = PBXGroup;
			children = (
				90E7F5F820B8F65400BE8DFF /* AppDelegate.swift */,
				90E7F5FA20B8F65400BE8DFF /* ViewController.swift */,
				90E7F5FC20B8F65400BE8DFF /* Main.storyboard */,
				90E7F5FF20B8F65500BE8DFF /* Assets.xcassets */,
				90E7F60120B8F65500BE8DFF /* LaunchScreen.storyboard */,
				90E7F60420B8F65500BE8DFF /* Info.plist */,
				90E7F60A20B8FAEE00BE8DFF /* PositionViewController.swift */,
				90E7F60C20B903BE00BE8DFF /* OpacityViewController.swift */,
				90E7F60E20B9067E00BE8DFF /* ScaleViewController.swift */,
				90E7F61020B90A2100BE8DFF /* ColorViewController.swift */,
				90E7F61420B93C5F00BE8DFF /* RotationViewController.swift */,
				90E7F61E20B94D1000BE8DFF /* RepeatViewController.swift */,
				90E7F62020B9584C00BE8DFF /* EasingViewController.swift */,
				90E3E8EA20BC35B100FBA3FE /* SpringViewController.swift */,
			);
			path = animation;
			sourceTree = "<group>";
		};
		90E7F61620B93DBE00BE8DFF /* images.imageset */ = {
			isa = PBXGroup;
			children = (
				90E7F61720B93DBE00BE8DFF /* images-1.png */,
				90E7F61820B93DBE00BE8DFF /* images-2.png */,
				90E7F61920B93DBE00BE8DFF /* images-3.png */,
				90E7F61A20B93DBE00BE8DFF /* Contents.json */,
			);
			name = images.imageset;
			path = animation/Assets.xcassets/images.imageset;
			sourceTree = "<group>";
		};
/* End PBXGroup section */

/* Begin PBXNativeTarget section */
		90E7F5F420B8F65400BE8DFF /* animation */ = {
			isa = PBXNativeTarget;
			buildConfigurationList = 90E7F60720B8F65500BE8DFF /* Build configuration list for PBXNativeTarget "animation" */;
			buildPhases = (
				90E7F5F120B8F65400BE8DFF /* Sources */,
				90E7F5F220B8F65400BE8DFF /* Frameworks */,
				90E7F5F320B8F65400BE8DFF /* Resources */,
			);
			buildRules = (
			);
			dependencies = (
			);
			name = animation;
			productName = animation;
			productReference = 90E7F5F520B8F65400BE8DFF /* animation.app */;
			productType = "com.apple.product-type.application";
		};
/* End PBXNativeTarget section */

/* Begin PBXProject section */
		90E7F5ED20B8F65400BE8DFF /* Project object */ = {
			isa = PBXProject;
			attributes = {
				LastSwiftUpdateCheck = 0930;
				LastUpgradeCheck = 0930;
				ORGANIZATIONNAME = cn.edu.tongji.1652977;
				TargetAttributes = {
					90E7F5F420B8F65400BE8DFF = {
						CreatedOnToolsVersion = 9.3;
					};
				};
			};
			buildConfigurationList = 90E7F5F020B8F65400BE8DFF /* Build configuration list for PBXProject "animation" */;
			compatibilityVersion = "Xcode 9.3";
			developmentRegion = en;
			hasScannedForEncodings = 0;
			knownRegions = (
				en,
				Base,
			);
			mainGroup = 90E7F5EC20B8F65400BE8DFF;
			productRefGroup = 90E7F5F620B8F65400BE8DFF /* Products */;
			projectDirPath = "";
			projectRoot = "";
			targets = (
				90E7F5F420B8F65400BE8DFF /* animation */,
			);
		};
/* End PBXProject section */

/* Begin PBXResourcesBuildPhase section */
		90E7F5F320B8F65400BE8DFF /* Resources */ = {
			isa = PBXResourcesBuildPhase;
			buildActionMask = 2147483647;
			files = (
				90E7F60320B8F65500BE8DFF /* LaunchScreen.storyboard in Resources */,
				90E7F60020B8F65500BE8DFF /* Assets.xcassets in Resources */,
				90E7F5FE20B8F65400BE8DFF /* Main.storyboard in Resources */,
			);
			runOnlyForDeploymentPostprocessing = 0;
		};
/* End PBXResourcesBuildPhase section */

/* Begin PBXSourcesBuildPhase section */
		90E7F5F120B8F65400BE8DFF /* Sources */ = {
			isa = PBXSourcesBuildPhase;
			buildActionMask = 2147483647;
			files = (
				90E7F60B20B8FAEE00BE8DFF /* PositionViewController.swift in Sources */,
				90E7F60F20B9067E00BE8DFF /* ScaleViewController.swift in Sources */,
				90E7F62120B9584C00BE8DFF /* EasingViewController.swift in Sources */,
				90E3E8EB20BC35B100FBA3FE /* SpringViewController.swift in Sources */,
				90E7F5FB20B8F65400BE8DFF /* ViewController.swift in Sources */,
				90E7F60D20B903BE00BE8DFF /* OpacityViewController.swift in Sources */,
				90E7F61520B93C5F00BE8DFF /* RotationViewController.swift in Sources */,
				90E7F61F20B94D1000BE8DFF /* RepeatViewController.swift in Sources */,
				90E7F61120B90A2100BE8DFF /* ColorViewController.swift in Sources */,
				90E7F5F920B8F65400BE8DFF /* AppDelegate.swift in Sources */,
			);
			runOnlyForDeploymentPostprocessing = 0;
		};
/* End PBXSourcesBuildPhase section */

/* Begin PBXVariantGroup section */
		90E7F5FC20B8F65400BE8DFF /* Main.storyboard */ = {
			isa = PBXVariantGroup;
			children = (
				90E7F5FD20B8F65400BE8DFF /* Base */,
			);
			name = Main.storyboard;
			sourceTree = "<group>";
		};
		90E7F60120B8F65500BE8DFF /* LaunchScreen.storyboard */ = {
			isa = PBXVariantGroup;
			children = (
				90E7F60220B8F65500BE8DFF /* Base */,
			);
			name = LaunchScreen.storyboard;
			sourceTree = "<group>";
		};
/* End PBXVariantGroup section */

/* Begin XCBuildConfiguration section */
		90E7F60520B8F65500BE8DFF /* Debug */ = {
			isa = XCBuildConfiguration;
			buildSettings = {
				ALWAYS_SEARCH_USER_PATHS = NO;
				CLANG_ANALYZER_NONNULL = YES;
				CLANG_ANALYZER_NUMBER_OBJECT_CONVERSION = YES_AGGRESSIVE;
				CLANG_CXX_LANGUAGE_STANDARD = "gnu++14";
				CLANG_CXX_LIBRARY = "libc++";
				CLANG_ENABLE_MODULES = YES;
				CLANG_ENABLE_OBJC_ARC = YES;
				CLANG_ENABLE_OBJC_WEAK = YES;
				CLANG_WARN_BLOCK_CAPTURE_AUTORELEASING = YES;
				CLANG_WARN_BOOL_CONVERSION = YES;
				CLANG_WARN_COMMA = YES;
				CLANG_WARN_CONSTANT_CONVERSION = YES;
				CLANG_WARN_DEPRECATED_OBJC_IMPLEMENTATIONS = YES;
				CLANG_WARN_DIRECT_OBJC_ISA_USAGE = YES_ERROR;
				CLANG_WARN_DOCUMENTATION_COMMENTS = YES;
				CLANG_WARN_EMPTY_BODY = YES;
				CLANG_WARN_ENUM_CONVERSION = YES;
				CLANG_WARN_INFINITE_RECURSION = YES;
				CLANG_WARN_INT_CONVERSION = YES;
				CLANG_WARN_NON_LITERAL_NULL_CONVERSION = YES;
				CLANG_WARN_OBJC_IMPLICIT_RETAIN_SELF = YES;
				CLANG_WARN_OBJC_LITERAL_CONVERSION = YES;
				CLANG_WARN_OBJC_ROOT_CLASS = YES_ERROR;
				CLANG_WARN_RANGE_LOOP_ANALYSIS = YES;
				CLANG_WARN_STRICT_PROTOTYPES = YES;
				CLANG_WARN_SUSPICIOUS_MOVE = YES;
				CLANG_WARN_UNGUARDED_AVAILABILITY = YES_AGGRESSIVE;
				CLANG_WARN_UNREACHABLE_CODE = YES;
				CLANG_WARN__DUPLICATE_METHOD_MATCH = YES;
				CODE_SIGN_IDENTITY = "iPhone Developer";
				COPY_PHASE_STRIP = NO;
				DEBUG_INFORMATION_FORMAT = dwarf;
				ENABLE_STRICT_OBJC_MSGSEND = YES;
				ENABLE_TESTABILITY = YES;
				GCC_C_LANGUAGE_STANDARD = gnu11;
				GCC_DYNAMIC_NO_PIC = NO;
				GCC_NO_COMMON_BLOCKS = YES;
				GCC_OPTIMIZATION_LEVEL = 0;
				GCC_PREPROCESSOR_DEFINITIONS = (
					"DEBUG=1",
					"$(inherited)",
				);
				GCC_WARN_64_TO_32_BIT_CONVERSION = YES;
				GCC_WARN_ABOUT_RETURN_TYPE = YES_ERROR;
				GCC_WARN_UNDECLARED_SELECTOR = YES;
				GCC_WARN_UNINITIALIZED_AUTOS = YES_AGGRESSIVE;
				GCC_WARN_UNUSED_FUNCTION = YES;
				GCC_WARN_UNUSED_VARIABLE = YES;
				IPHONEOS_DEPLOYMENT_TARGET = 11.3;
				MTL_ENABLE_DEBUG_INFO = YES;
				ONLY_ACTIVE_ARCH = YES;
				SDKROOT = iphoneos;
				SWIFT_ACTIVE_COMPILATION_CONDITIONS = DEBUG;
				SWIFT_OPTIMIZATION_LEVEL = "-Onone";
			};
			name = Debug;
		};
		90E7F60620B8F65500BE8DFF /* Release */ = {
			isa = XCBuildConfiguration;
			buildSettings = {
				ALWAYS_SEARCH_USER_PATHS = NO;
				CLANG_ANALYZER_NONNULL = YES;
				CLANG_ANALYZER_NUMBER_OBJECT_CONVERSION = YES_AGGRESSIVE;
				CLANG_CXX_LANGUAGE_STANDARD = "gnu++14";
				CLANG_CXX_LIBRARY = "libc++";
				CLANG_ENABLE_MODULES = YES;
				CLANG_ENABLE_OBJC_ARC = YES;
				CLANG_ENABLE_OBJC_WEAK = YES;
				CLANG_WARN_BLOCK_CAPTURE_AUTORELEASING = YES;
				CLANG_WARN_BOOL_CONVERSION = YES;
				CLANG_WARN_COMMA = YES;
				CLANG_WARN_CONSTANT_CONVERSION = YES;
				CLANG_WARN_DEPRECATED_OBJC_IMPLEMENTATIONS = YES;
				CLANG_WARN_DIRECT_OBJC_ISA_USAGE = YES_ERROR;
				CLANG_WARN_DOCUMENTATION_COMMENTS = YES;
				CLANG_WARN_EMPTY_BODY = YES;
				CLANG_WARN_ENUM_CONVERSION = YES;
				CLANG_WARN_INFINITE_RECURSION = YES;
				CLANG_WARN_INT_CONVERSION = YES;
				CLANG_WARN_NON_LITERAL_NULL_CONVERSION = YES;
				CLANG_WARN_OBJC_IMPLICIT_RETAIN_SELF = YES;
				CLANG_WARN_OBJC_LITERAL_CONVERSION = YES;
				CLANG_WARN_OBJC_ROOT_CLASS = YES_ERROR;
				CLANG_WARN_RANGE_LOOP_ANALYSIS = YES;
				CLANG_WARN_STRICT_PROTOTYPES = YES;
				CLANG_WARN_SUSPICIOUS_MOVE = YES;
				CLANG_WARN_UNGUARDED_AVAILABILITY = YES_AGGRESSIVE;
				CLANG_WARN_UNREACHABLE_CODE = YES;
				CLANG_WARN__DUPLICATE_METHOD_MATCH = YES;
				CODE_SIGN_IDENTITY = "iPhone Developer";
				COPY_PHASE_STRIP = NO;
				DEBUG_INFORMATION_FORMAT = "dwarf-with-dsym";
				ENABLE_NS_ASSERTIONS = NO;
				ENABLE_STRICT_OBJC_MSGSEND = YES;
				GCC_C_LANGUAGE_STANDARD = gnu11;
				GCC_NO_COMMON_BLOCKS = YES;
				GCC_WARN_64_TO_32_BIT_CONVERSION = YES;
				GCC_WARN_ABOUT_RETURN_TYPE = YES_ERROR;
				GCC_WARN_UNDECLARED_SELECTOR = YES;
				GCC_WARN_UNINITIALIZED_AUTOS = YES_AGGRESSIVE;
				GCC_WARN_UNUSED_FUNCTION = YES;
				GCC_WARN_UNUSED_VARIABLE = YES;
				IPHONEOS_DEPLOYMENT_TARGET = 11.3;
				MTL_ENABLE_DEBUG_INFO = NO;
				SDKROOT = iphoneos;
				SWIFT_COMPILATION_MODE = wholemodule;
				SWIFT_OPTIMIZATION_LEVEL = "-O";
				VALIDATE_PRODUCT = YES;
			};
			name = Release;
		};
		90E7F60820B8F65500BE8DFF /* Debug */ = {
			isa = XCBuildConfiguration;
			buildSettings = {
				ASSETCATALOG_COMPILER_APPICON_NAME = AppIcon;
				CODE_SIGN_STYLE = Automatic;
				DEVELOPMENT_TEAM = SYHLX35TA5;
				INFOPLIST_FILE = animation/Info.plist;
				LD_RUNPATH_SEARCH_PATHS = (
					"$(inherited)",
					"@executable_path/Frameworks",
				);
				PRODUCT_BUNDLE_IDENTIFIER = "cn.edu.tongji.sse.wxz-1652977.animation";
				PRODUCT_NAME = "$(TARGET_NAME)";
				SWIFT_VERSION = 4.0;
				TARGETED_DEVICE_FAMILY = "1,2";
			};
			name = Debug;
		};
		90E7F60920B8F65500BE8DFF /* Release */ = {
			isa = XCBuildConfiguration;
			buildSettings = {
				ASSETCATALOG_COMPILER_APPICON_NAME = AppIcon;
				CODE_SIGN_STYLE = Automatic;
				DEVELOPMENT_TEAM = SYHLX35TA5;
				INFOPLIST_FILE = animation/Info.plist;
				LD_RUNPATH_SEARCH_PATHS = (
					"$(inherited)",
					"@executable_path/Frameworks",
				);
				PRODUCT_BUNDLE_IDENTIFIER = "cn.edu.tongji.sse.wxz-1652977.animation";
				PRODUCT_NAME = "$(TARGET_NAME)";
				SWIFT_VERSION = 4.0;
				TARGETED_DEVICE_FAMILY = "1,2";
			};
			name = Release;
		};
/* End XCBuildConfiguration section */

/* Begin XCConfigurationList section */
		90E7F5F020B8F65400BE8DFF /* Build configuration list for PBXProject "animation" */ = {
			isa = XCConfigurationList;
			buildConfigurations = (
				90E7F60520B8F65500BE8DFF /* Debug */,
				90E7F60620B8F65500BE8DFF /* Release */,
			);
			defaultConfigurationIsVisible = 0;
			defaultConfigurationName = Release;
		};
		90E7F60720B8F65500BE8DFF /* Build configuration list for PBXNativeTarget "animation" */ = {
			isa = XCConfigurationList;
			buildConfigurations = (
				90E7F60820B8F65500BE8DFF /* Debug */,
				90E7F60920B8F65500BE8DFF /* Release */,
			);
			defaultConfigurationIsVisible = 0;
			defaultConfigurationName = Release;
		};
/* End XCConfigurationList section */
	};
	rootObject = 90E7F5ED20B8F65400BE8DFF /* Project object */;
}
